
Microsoft Visual Studio Solution File, Format Version 12.00
# Visual Studio Version 17
VisualStudioVersion = 17.5.33502.453
MinimumVisualStudioVersion = 10.0.40219.1
Project("{FAE04EC0-301F-11D3-BF4B-00C04F79EFBC}") = "c-sharp-calcolatrice", "c-sharp-calcolatrice\c-sharp-calcolatrice.csproj", "{A61A9574-05D6-43DB-9575-5596334991AD}"
EndProject
Global
	GlobalSection(SolutionConfigurationPlatforms) = preSolution
		Debug|Any CPU = Debug|Any CPU
		Release|Any CPU = Release|Any CPU
	EndGlobalSection
	GlobalSection(ProjectConfigurationPlatforms) = postSolution
		{A61A9574-05D6-43DB-9575-5596334991AD}.Debug|Any CPU.ActiveCfg = Debug|Any CPU
		{A61A9574-05D6-43DB-9575-5596334991AD}.Debug|Any CPU.Build.0 = Debug|Any CPU
		{A61A9574-05D6-43DB-9575-5596334991AD}.Release|Any CPU.ActiveCfg = Release|Any CPU
		{A61A9574-05D6-43DB-9575-5596334991AD}.Release|Any CPU.Build.0 = Release|Any CPU
	EndGlobalSection
	GlobalSection(SolutionProperties) = preSolution
		HideSolutionNode = FALSE
	EndGlobalSection
	GlobalSection(ExtensibilityGlobals) = postSolution
		SolutionGuid = {4ED73467-D0AA-4801-A5AF-A8823C433180}
	EndGlobalSection
EndGlobal
